
Microsoft Visual Studio Solution File, Format Version 12.00
# Visual Studio Version 17
VisualStudioVersion = 17.9.34728.123
MinimumVisualStudioVersion = 10.0.40219.1
Project("{FAE04EC0-301F-11D3-BF4B-00C04F79EFBC}") = "WebAPIArenaCactus", "WebAPIArenaCactus.csproj", "{3A75DE12-FB92-48F3-B67F-1F903267EBCB}"
EndProject
Global
	GlobalSection(SolutionConfigurationPlatforms) = preSolution
		Debug|Any CPU = Debug|Any CPU
		Release|Any CPU = Release|Any CPU
	EndGlobalSection
	GlobalSection(ProjectConfigurationPlatforms) = postSolution
		{3A75DE12-FB92-48F3-B67F-1F903267EBCB}.Debug|Any CPU.ActiveCfg = Debug|Any CPU
		{3A75DE12-FB92-48F3-B67F-1F903267EBCB}.Debug|Any CPU.Build.0 = Debug|Any CPU
		{3A75DE12-FB92-48F3-B67F-1F903267EBCB}.Release|Any CPU.ActiveCfg = Release|Any CPU
		{3A75DE12-FB92-48F3-B67F-1F903267EBCB}.Release|Any CPU.Build.0 = Release|Any CPU
	EndGlobalSection
	GlobalSection(SolutionProperties) = preSolution
		HideSolutionNode = FALSE
	EndGlobalSection
	GlobalSection(ExtensibilityGlobals) = postSolution
		SolutionGuid = {FACDF671-0ACC-4A22-AD84-64BEDCB9F396}
	EndGlobalSection
EndGlobal
